Microsoft Visual Studio Solution File, Format Version 12.00
# Visual Studio 2012
Project("{FAE04EC0-301F-11D3-BF4B-00C04F79EFBC}") = "Out With The Trash", "Out With The Trash.csproj", "{A25385C3-9642-414F-BEA9-A8B2B2E6FC51}"
EndProject
Global
	GlobalSection(SolutionConfigurationPlatforms) = preSolution
	Debug|Any CPU = Debug|Any CPU
	ExportDebug|Any CPU = ExportDebug|Any CPU
	ExportRelease|Any CPU = ExportRelease|Any CPU
	EndGlobalSection
	GlobalSection(ProjectConfigurationPlatforms) = postSolution
		{A25385C3-9642-414F-BEA9-A8B2B2E6FC51}.Debug|Any CPU.ActiveCfg = Debug|Any CPU
		{A25385C3-9642-414F-BEA9-A8B2B2E6FC51}.Debug|Any CPU.Build.0 = Debug|Any CPU
		{A25385C3-9642-414F-BEA9-A8B2B2E6FC51}.ExportDebug|Any CPU.ActiveCfg = ExportDebug|Any CPU
		{A25385C3-9642-414F-BEA9-A8B2B2E6FC51}.ExportDebug|Any CPU.Build.0 = ExportDebug|Any CPU
		{A25385C3-9642-414F-BEA9-A8B2B2E6FC51}.ExportRelease|Any CPU.ActiveCfg = ExportRelease|Any CPU
		{A25385C3-9642-414F-BEA9-A8B2B2E6FC51}.ExportRelease|Any CPU.Build.0 = ExportRelease|Any CPU
	EndGlobalSection
EndGlobal
